// !$*UTF8*$!
{
	archiveVersion = 1;
	classes = {
	};
	objectVersion = 55;
	objects = {

/* Begin PBXBuildFile section */
		151CB31329A26D4100D48679 /* TransactionCardView.swift in Sources */ = {isa = PBXBuildFile; fileRef = 151CB31229A26D4000D48679 /* TransactionCardView.swift */; };
		1552D33C298C7AAF0048ADEC /* AppDelegate.swift in Sources */ = {isa = PBXBuildFile; fileRef = 1552D33B298C7AAF0048ADEC /* AppDelegate.swift */; };
		1552D33E298C7AAF0048ADEC /* SceneDelegate.swift in Sources */ = {isa = PBXBuildFile; fileRef = 1552D33D298C7AAF0048ADEC /* SceneDelegate.swift */; };
		1552D340298C7AAF0048ADEC /* ViewController.swift in Sources */ = {isa = PBXBuildFile; fileRef = 1552D33F298C7AAF0048ADEC /* ViewController.swift */; };
		1552D343298C7AAF0048ADEC /* Main.storyboard in Resources */ = {isa = PBXBuildFile; fileRef = 1552D341298C7AAF0048ADEC /* Main.storyboard */; };
		1552D345298C7AB30048ADEC /* Assets.xcassets in Resources */ = {isa = PBXBuildFile; fileRef = 1552D344298C7AB30048ADEC /* Assets.xcassets */; };
		1552D35A298DB9430048ADEC /* Home.swift in Sources */ = {isa = PBXBuildFile; fileRef = 1552D359298DB9430048ADEC /* Home.swift */; };
		1552D35C298ECC2F0048ADEC /* Expense.swift in Sources */ = {isa = PBXBuildFile; fileRef = 1552D35B298ECC2F0048ADEC /* Expense.swift */; };
		1552D35E298ED1B40048ADEC /* ExpenseViewModel.swift in Sources */ = {isa = PBXBuildFile; fileRef = 1552D35D298ED1B40048ADEC /* ExpenseViewModel.swift */; };
/* End PBXBuildFile section */

/* Begin PBXFileReference section */
		151CB31229A26D4000D48679 /* TransactionCardView.swift */ = {isa = PBXFileReference; lastKnownFileType = sourcecode.swift; path = TransactionCardView.swift; sourceTree = "<group>"; xcLanguageSpecificationIdentifier = xcode.lang.simpleColoring; };
		1552D338298C7AAF0048ADEC /* expensetest1.app */ = {isa = PBXFileReference; explicitFileType = wrapper.application; includeInIndex = 0; path = expensetest1.app; sourceTree = BUILT_PRODUCTS_DIR; };
		1552D33B298C7AAF0048ADEC /* AppDelegate.swift */ = {isa = PBXFileReference; lastKnownFileType = sourcecode.swift; path = AppDelegate.swift; sourceTree = "<group>"; };
		1552D33D298C7AAF0048ADEC /* SceneDelegate.swift */ = {isa = PBXFileReference; lastKnownFileType = sourcecode.swift; path = SceneDelegate.swift; sourceTree = "<group>"; };
		1552D33F298C7AAF0048ADEC /* ViewController.swift */ = {isa = PBXFileReference; lastKnownFileType = sourcecode.swift; path = ViewController.swift; sourceTree = "<group>"; };
		1552D342298C7AAF0048ADEC /* Base */ = {isa = PBXFileReference; lastKnownFileType = file.storyboard; name = Base; path = Base.lproj/Main.storyboard; sourceTree = "<group>"; };
		1552D344298C7AB30048ADEC /* Assets.xcassets */ = {isa = PBXFileReference; lastKnownFileType = folder.assetcatalog; path = Assets.xcassets; sourceTree = "<group>"; };
		1552D349298C7AB30048ADEC /* Info.plist */ = {isa = PBXFileReference; lastKnownFileType = text.plist.xml; path = Info.plist; sourceTree = "<group>"; };
		1552D359298DB9430048ADEC /* Home.swift */ = {isa = PBXFileReference; lastKnownFileType = sourcecode.swift; path = Home.swift; sourceTree = "<group>"; };
		1552D35B298ECC2F0048ADEC /* Expense.swift */ = {isa = PBXFileReference; lastKnownFileType = sourcecode.swift; path = Expense.swift; sourceTree = "<group>"; };
		1552D35D298ED1B40048ADEC /* ExpenseViewModel.swift */ = {isa = PBXFileReference; lastKnownFileType = sourcecode.swift; path = ExpenseViewModel.swift; sourceTree = "<group>"; };
/* End PBXFileReference section */

/* Begin PBXFrameworksBuildPhase section */
		1552D335298C7AAF0048ADEC /* Frameworks */ = {
			isa = PBXFrameworksBuildPhase;
			buildActionMask = 2147483647;
			files = (
			);
			runOnlyForDeploymentPostprocessing = 0;
		};
/* End PBXFrameworksBuildPhase section */

/* Begin PBXGroup section */
		1552D32F298C7AAF0048ADEC = {
			isa = PBXGroup;
			children = (
				1552D33A298C7AAF0048ADEC /* expensetest1 */,
				1552D339298C7AAF0048ADEC /* Products */,
			);
			sourceTree = "<group>";
		};
		1552D339298C7AAF0048ADEC /* Products */ = {
			isa = PBXGroup;
			children = (
				1552D338298C7AAF0048ADEC /* expensetest1.app */,
			);
			name = Products;
			sourceTree = "<group>";
		};
		1552D33A298C7AAF0048ADEC /* expensetest1 */ = {
			isa = PBXGroup;
			children = (
				1552D358298DB7580048ADEC /* ViewModel */,
				1552D357298DB7510048ADEC /* Model */,
				1552D356298DB7460048ADEC /* View */,
				1552D33B298C7AAF0048ADEC /* AppDelegate.swift */,
				1552D33D298C7AAF0048ADEC /* SceneDelegate.swift */,
				1552D33F298C7AAF0048ADEC /* ViewController.swift */,
				1552D341298C7AAF0048ADEC /* Main.storyboard */,
				1552D344298C7AB30048ADEC /* Assets.xcassets */,
				1552D349298C7AB30048ADEC /* Info.plist */,
			);
			path = expensetest1;
			sourceTree = "<group>";
		};
		1552D356298DB7460048ADEC /* View */ = {
			isa = PBXGroup;
			children = (
				1552D359298DB9430048ADEC /* Home.swift */,
				151CB31229A26D4000D48679 /* TransactionCardView.swift */,
			);
			path = View;
			sourceTree = "<group>";
		};
		1552D357298DB7510048ADEC /* Model */ = {
			isa = PBXGroup;
			children = (
				1552D35B298ECC2F0048ADEC /* Expense.swift */,
			);
			path = Model;
			sourceTree = "<group>";
		};
		1552D358298DB7580048ADEC /* ViewModel */ = {
			isa = PBXGroup;
			children = (
				1552D35D298ED1B40048ADEC /* ExpenseViewModel.swift */,
			);
			path = ViewModel;
			sourceTree = "<group>";
		};
/* End PBXGroup section */

/* Begin PBXNativeTarget section */
		1552D337298C7AAF0048ADEC /* expensetest1 */ = {
			isa = PBXNativeTarget;
			buildConfigurationList = 1552D34C298C7AB30048ADEC /* Build configuration list for PBXNativeTarget "expensetest1" */;
			buildPhases = (
				1552D334298C7AAF0048ADEC /* Sources */,
				1552D335298C7AAF0048ADEC /* Frameworks */,
				1552D336298C7AAF0048ADEC /* Resources */,
			);
			buildRules = (
			);
			dependencies = (
			);
			name = expensetest1;
			productName = expensetest1;
			productReference = 1552D338298C7AAF0048ADEC /* expensetest1.app */;
			productType = "com.apple.product-type.application";
		};
/* End PBXNativeTarget section */

/* Begin PBXProject section */
		1552D330298C7AAF0048ADEC /* Project object */ = {
			isa = PBXProject;
			attributes = {
				BuildIndependentTargetsInParallel = 1;
				LastSwiftUpdateCheck = 1340;
				LastUpgradeCheck = 1340;
				TargetAttributes = {
					1552D337298C7AAF0048ADEC = {
						CreatedOnToolsVersion = 13.4.1;
					};
				};
			};
			buildConfigurationList = 1552D333298C7AAF0048ADEC /* Build configuration list for PBXProject "expensetest1" */;
			compatibilityVersion = "Xcode 13.0";
			developmentRegion = en;
			hasScannedForEncodings = 0;
			knownRegions = (
				en,
				Base,
			);
			mainGroup = 1552D32F298C7AAF0048ADEC;
			productRefGroup = 1552D339298C7AAF0048ADEC /* Products */;
			projectDirPath = "";
			projectRoot = "";
			targets = (
				1552D337298C7AAF0048ADEC /* expensetest1 */,
			);
		};
/* End PBXProject section */

/* Begin PBXResourcesBuildPhase section */
		1552D336298C7AAF0048ADEC /* Resources */ = {
			isa = PBXResourcesBuildPhase;
			buildActionMask = 2147483647;
			files = (
				1552D345298C7AB30048ADEC /* Assets.xcassets in Resources */,
				1552D343298C7AAF0048ADEC /* Main.storyboard in Resources */,
			);
			runOnlyForDeploymentPostprocessing = 0;
		};
/* End PBXResourcesBuildPhase section */

/* Begin PBXSourcesBuildPhase section */
		1552D334298C7AAF0048ADEC /* Sources */ = {
			isa = PBXSourcesBuildPhase;
			buildActionMask = 2147483647;
			files = (
				1552D340298C7AAF0048ADEC /* ViewController.swift in Sources */,
				151CB31329A26D4100D48679 /* TransactionCardView.swift in Sources */,
				1552D35E298ED1B40048ADEC /* ExpenseViewModel.swift in Sources */,
				1552D33C298C7AAF0048ADEC /* AppDelegate.swift in Sources */,
				1552D35A298DB9430048ADEC /* Home.swift in Sources */,
				1552D33E298C7AAF0048ADEC /* SceneDelegate.swift in Sources */,
				1552D35C298ECC2F0048ADEC /* Expense.swift in Sources */,
			);
			runOnlyForDeploymentPostprocessing = 0;
		};
/* End PBXSourcesBuildPhase section */

/* Begin PBXVariantGroup section */
		1552D341298C7AAF0048ADEC /* Main.storyboard */ = {
			isa = PBXVariantGroup;
			children = (
				1552D342298C7AAF0048ADEC /* Base */,
			);
			name = Main.storyboard;
			sourceTree = "<group>";
		};
/* End PBXVariantGroup section */

/* Begin XCBuildConfiguration section */
		1552D34A298C7AB30048ADEC /* Debug */ = {
			isa = XCBuildConfiguration;
			buildSettings = {
				ALWAYS_SEARCH_USER_PATHS = NO;
				CLANG_ANALYZER_NONNULL = YES;
				CLANG_ANALYZER_NUMBER_OBJECT_CONVERSION = YES_AGGRESSIVE;
				CLANG_CXX_LANGUAGE_STANDARD = "gnu++17";
				CLANG_ENABLE_MODULES = YES;
				CLANG_ENABLE_OBJC_ARC = YES;
				CLANG_ENABLE_OBJC_WEAK = YES;
				CLANG_WARN_BLOCK_CAPTURE_AUTORELEASING = YES;
				CLANG_WARN_BOOL_CONVERSION = YES;
				CLANG_WARN_COMMA = YES;
				CLANG_WARN_CONSTANT_CONVERSION = YES;
				CLANG_WARN_DEPRECATED_OBJC_IMPLEMENTATIONS = YES;
				CLANG_WARN_DIRECT_OBJC_ISA_USAGE = YES_ERROR;
				CLANG_WARN_DOCUMENTATION_COMMENTS = YES;
				CLANG_WARN_EMPTY_BODY = YES;
				CLANG_WARN_ENUM_CONVERSION = YES;
				CLANG_WARN_INFINITE_RECURSION = YES;
				CLANG_WARN_INT_CONVERSION = YES;
				CLANG_WARN_NON_LITERAL_NULL_CONVERSION = YES;
				CLANG_WARN_OBJC_IMPLICIT_RETAIN_SELF = YES;
				CLANG_WARN_OBJC_LITERAL_CONVERSION = YES;
				CLANG_WARN_OBJC_ROOT_CLASS = YES_ERROR;
				CLANG_WARN_QUOTED_INCLUDE_IN_FRAMEWORK_HEADER = YES;
				CLANG_WARN_RANGE_LOOP_ANALYSIS = YES;
				CLANG_WARN_STRICT_PROTOTYPES = YES;
				CLANG_WARN_SUSPICIOUS_MOVE = YES;
				CLANG_WARN_UNGUARDED_AVAILABILITY = YES_AGGRESSIVE;
				CLANG_WARN_UNREACHABLE_CODE = YES;
				CLANG_WARN__DUPLICATE_METHOD_MATCH = YES;
				COPY_PHASE_STRIP = NO;
				DEBUG_INFORMATION_FORMAT = dwarf;
				ENABLE_STRICT_OBJC_MSGSEND = YES;
				ENABLE_TESTABILITY = YES;
				GCC_C_LANGUAGE_STANDARD = gnu11;
				GCC_DYNAMIC_NO_PIC = NO;
				GCC_NO_COMMON_BLOCKS = YES;
				GCC_OPTIMIZATION_LEVEL = 0;
				GCC_PREPROCESSOR_DEFINITIONS = (
					"DEBUG=1",
					"$(inherited)",
				);
				GCC_WARN_64_TO_32_BIT_CONVERSION = YES;
				GCC_WARN_ABOUT_RETURN_TYPE = YES_ERROR;
				GCC_WARN_UNDECLARED_SELECTOR = YES;
				GCC_WARN_UNINITIALIZED_AUTOS = YES_AGGRESSIVE;
				GCC_WARN_UNUSED_FUNCTION = YES;
				GCC_WARN_UNUSED_VARIABLE = YES;
				IPHONEOS_DEPLOYMENT_TARGET = 15.5;
				MTL_ENABLE_DEBUG_INFO = INCLUDE_SOURCE;
				MTL_FAST_MATH = YES;
				ONLY_ACTIVE_ARCH = YES;
				SDKROOT = iphoneos;
				SWIFT_ACTIVE_COMPILATION_CONDITIONS = DEBUG;
				SWIFT_OPTIMIZATION_LEVEL = "-Onone";
			};
			name = Debug;
		};
		1552D34B298C7AB30048ADEC /* Release */ = {
			isa = XCBuildConfiguration;
			buildSettings = {
				ALWAYS_SEARCH_USER_PATHS = NO;
				CLANG_ANALYZER_NONNULL = YES;
				CLANG_ANALYZER_NUMBER_OBJECT_CONVERSION = YES_AGGRESSIVE;
				CLANG_CXX_LANGUAGE_STANDARD = "gnu++17";
				CLANG_ENABLE_MODULES = YES;
				CLANG_ENABLE_OBJC_ARC = YES;
				CLANG_ENABLE_OBJC_WEAK = YES;
				CLANG_WARN_BLOCK_CAPTURE_AUTORELEASING = YES;
				CLANG_WARN_BOOL_CONVERSION = YES;
				CLANG_WARN_COMMA = YES;
				CLANG_WARN_CONSTANT_CONVERSION = YES;
				CLANG_WARN_DEPRECATED_OBJC_IMPLEMENTATIONS = YES;
				CLANG_WARN_DIRECT_OBJC_ISA_USAGE = YES_ERROR;
				CLANG_WARN_DOCUMENTATION_COMMENTS = YES;
				CLANG_WARN_EMPTY_BODY = YES;
				CLANG_WARN_ENUM_CONVERSION = YES;
				CLANG_WARN_INFINITE_RECURSION = YES;
				CLANG_WARN_INT_CONVERSION = YES;
				CLANG_WARN_NON_LITERAL_NULL_CONVERSION = YES;
				CLANG_WARN_OBJC_IMPLICIT_RETAIN_SELF = YES;
				CLANG_WARN_OBJC_LITERAL_CONVERSION = YES;
				CLANG_WARN_OBJC_ROOT_CLASS = YES_ERROR;
				CLANG_WARN_QUOTED_INCLUDE_IN_FRAMEWORK_HEADER = YES;
				CLANG_WARN_RANGE_LOOP_ANALYSIS = YES;
				CLANG_WARN_STRICT_PROTOTYPES = YES;
				CLANG_WARN_SUSPICIOUS_MOVE = YES;
				CLANG_WARN_UNGUARDED_AVAILABILITY = YES_AGGRESSIVE;
				CLANG_WARN_UNREACHABLE_CODE = YES;
				CLANG_WARN__DUPLICATE_METHOD_MATCH = YES;
				COPY_PHASE_STRIP = NO;
				DEBUG_INFORMATION_FORMAT = "dwarf-with-dsym";
				ENABLE_NS_ASSERTIONS = NO;
				ENABLE_STRICT_OBJC_MSGSEND = YES;
				GCC_C_LANGUAGE_STANDARD = gnu11;
				GCC_NO_COMMON_BLOCKS = YES;
				GCC_WARN_64_TO_32_BIT_CONVERSION = YES;
				GCC_WARN_ABOUT_RETURN_TYPE = YES_ERROR;
				GCC_WARN_UNDECLARED_SELECTOR = YES;
				GCC_WARN_UNINITIALIZED_AUTOS = YES_AGGRESSIVE;
				GCC_WARN_UNUSED_FUNCTION = YES;
				GCC_WARN_UNUSED_VARIABLE = YES;
				IPHONEOS_DEPLOYMENT_TARGET = 15.5;
				MTL_ENABLE_DEBUG_INFO = NO;
				MTL_FAST_MATH = YES;
				SDKROOT = iphoneos;
				SWIFT_COMPILATION_MODE = wholemodule;
				SWIFT_OPTIMIZATION_LEVEL = "-O";
				VALIDATE_PRODUCT = YES;
			};
			name = Release;
		};
		1552D34D298C7AB30048ADEC /* Debug */ = {
			isa = XCBuildConfiguration;
			buildSettings = {
				ASSETCATALOG_COMPILER_APPICON_NAME = AppIcon;
				ASSETCATALOG_COMPILER_GLOBAL_ACCENT_COLOR_NAME = AccentColor;
				CODE_SIGN_STYLE = Automatic;
				CURRENT_PROJECT_VERSION = 1;
				DEVELOPMENT_TEAM = HUT9L7HQFK;
				GENERATE_INFOPLIST_FILE = YES;
				INFOPLIST_FILE = expensetest1/Info.plist;
				INFOPLIST_KEY_UIApplicationSupportsIndirectInputEvents = YES;
				INFOPLIST_KEY_UILaunchStoryboardName = LaunchScreen;
				INFOPLIST_KEY_UIMainStoryboardFile = Main;
				INFOPLIST_KEY_UISupportedInterfaceOrientations_iPad = "UIInterfaceOrientationPortrait UIInterfaceOrientationPortraitUpsideDown UIInterfaceOrientationLandscapeLeft UIInterfaceOrientationLandscapeRight";
				INFOPLIST_KEY_UISupportedInterfaceOrientations_iPhone = "UIInterfaceOrientationPortrait UIInterfaceOrientationLandscapeLeft UIInterfaceOrientationLandscapeRight";
				LD_RUNPATH_SEARCH_PATHS = (
					"$(inherited)",
					"@executable_path/Frameworks",
				);
				MARKETING_VERSION = 1.0;
				PRODUCT_BUNDLE_IDENTIFIER = com.FeminFinance.expensetest1;
				PRODUCT_NAME = "$(TARGET_NAME)";
				SWIFT_EMIT_LOC_STRINGS = YES;
				SWIFT_VERSION = 5.0;
				TARGETED_DEVICE_FAMILY = "1,2";
			};
			name = Debug;
		};
		1552D34E298C7AB30048ADEC /* Release */ = {
			isa = XCBuildConfiguration;
			buildSettings = {
				ASSETCATALOG_COMPILER_APPICON_NAME = AppIcon;
				ASSETCATALOG_COMPILER_GLOBAL_ACCENT_COLOR_NAME = AccentColor;
				CODE_SIGN_STYLE = Automatic;
				CURRENT_PROJECT_VERSION = 1;
				DEVELOPMENT_TEAM = HUT9L7HQFK;
				GENERATE_INFOPLIST_FILE = YES;
				INFOPLIST_FILE = expensetest1/Info.plist;
				INFOPLIST_KEY_UIApplicationSupportsIndirectInputEvents = YES;
				INFOPLIST_KEY_UILaunchStoryboardName = LaunchScreen;
				INFOPLIST_KEY_UIMainStoryboardFile = Main;
				INFOPLIST_KEY_UISupportedInterfaceOrientations_iPad = "UIInterfaceOrientationPortrait UIInterfaceOrientationPortraitUpsideDown UIInterfaceOrientationLandscapeLeft UIInterfaceOrientationLandscapeRight";
				INFOPLIST_KEY_UISupportedInterfaceOrientations_iPhone = "UIInterfaceOrientationPortrait UIInterfaceOrientationLandscapeLeft UIInterfaceOrientationLandscapeRight";
				LD_RUNPATH_SEARCH_PATHS = (
					"$(inherited)",
					"@executable_path/Frameworks",
				);
				MARKETING_VERSION = 1.0;
				PRODUCT_BUNDLE_IDENTIFIER = com.FeminFinance.expensetest1;
				PRODUCT_NAME = "$(TARGET_NAME)";
				SWIFT_EMIT_LOC_STRINGS = YES;
				SWIFT_VERSION = 5.0;
				TARGETED_DEVICE_FAMILY = "1,2";
			};
			name = Release;
		};
/* End XCBuildConfiguration section */

/* Begin XCConfigurationList section */
		1552D333298C7AAF0048ADEC /* Build configuration list for PBXProject "expensetest1" */ = {
			isa = XCConfigurationList;
			buildConfigurations = (
				1552D34A298C7AB30048ADEC /* Debug */,
				1552D34B298C7AB30048ADEC /* Release */,
			);
			defaultConfigurationIsVisible = 0;
			defaultConfigurationName = Release;
		};
		1552D34C298C7AB30048ADEC /* Build configuration list for PBXNativeTarget "expensetest1" */ = {
			isa = XCConfigurationList;
			buildConfigurations = (
				1552D34D298C7AB30048ADEC /* Debug */,
				1552D34E298C7AB30048ADEC /* Release */,
			);
			defaultConfigurationIsVisible = 0;
			defaultConfigurationName = Release;
		};
/* End XCConfigurationList section */
	};
	rootObject = 1552D330298C7AAF0048ADEC /* Project object */;
}
